
Microsoft Visual Studio Solution File, Format Version 12.00
# Visual Studio 15
VisualStudioVersion = 15.0.26430.14
MinimumVisualStudioVersion = 10.0.40219.1
Project("{8BC9CEB8-8B4A-11D0-8D11-00A0C91BC942}") = "hellosocket", "hellosocket\hellosocket.vcxproj", "{037BB42F-186C-49F8-96CB-9CC7225DF7FB}"
EndProject
Project("{8BC9CEB8-8B4A-11D0-8D11-00A0C91BC942}") = "EasyTcpServer", "EasyTcpServer\EasyTcpServer.vcxproj", "{30811B34-BDCC-42B1-B997-E334AB020508}"
EndProject
Project("{8BC9CEB8-8B4A-11D0-8D11-00A0C91BC942}") = "EasyTcpClient", "EasyTcpClient\EasyTcpClient.vcxproj", "{C3BB395D-1C00-4CA2-BF15-F9A0B7D6C45B}"
EndProject
Project("{8BC9CEB8-8B4A-11D0-8D11-00A0C91BC942}") = "MyTcpClient", "MyTcpClient\MyTcpClient.vcxproj", "{82FEDAD7-EA18-4790-BE8B-3CDC08C38425}"
EndProject
Project("{8BC9CEB8-8B4A-11D0-8D11-00A0C91BC942}") = "MyTcpServer", "MyTcpServer\MyTcpServer.vcxproj", "{6ADC6146-B9F1-4B19-821F-E761F9FC675C}"
EndProject
Global
	GlobalSection(SolutionConfigurationPlatforms) = preSolution
		Debug|x64 = Debug|x64
		Debug|x86 = Debug|x86
		Release|x64 = Release|x64
		Release|x86 = Release|x86
	EndGlobalSection
	GlobalSection(ProjectConfigurationPlatforms) = postSolution
		{037BB42F-186C-49F8-96CB-9CC7225DF7FB}.Debug|x64.ActiveCfg = Debug|x64
		{037BB42F-186C-49F8-96CB-9CC7225DF7FB}.Debug|x64.Build.0 = Debug|x64
		{037BB42F-186C-49F8-96CB-9CC7225DF7FB}.Debug|x86.ActiveCfg = Debug|Win32
		{037BB42F-186C-49F8-96CB-9CC7225DF7FB}.Debug|x86.Build.0 = Debug|Win32
		{037BB42F-186C-49F8-96CB-9CC7225DF7FB}.Release|x64.ActiveCfg = Release|x64
		{037BB42F-186C-49F8-96CB-9CC7225DF7FB}.Release|x64.Build.0 = Release|x64
		{037BB42F-186C-49F8-96CB-9CC7225DF7FB}.Release|x86.ActiveCfg = Release|Win32
		{037BB42F-186C-49F8-96CB-9CC7225DF7FB}.Release|x86.Build.0 = Release|Win32
		{30811B34-BDCC-42B1-B997-E334AB020508}.Debug|x64.ActiveCfg = Debug|x64
		{30811B34-BDCC-42B1-B997-E334AB020508}.Debug|x64.Build.0 = Debug|x64
		{30811B34-BDCC-42B1-B997-E334AB020508}.Debug|x86.ActiveCfg = Debug|Win32
		{30811B34-BDCC-42B1-B997-E334AB020508}.Debug|x86.Build.0 = Debug|Win32
		{30811B34-BDCC-42B1-B997-E334AB020508}.Release|x64.ActiveCfg = Release|x64
		{30811B34-BDCC-42B1-B997-E334AB020508}.Release|x64.Build.0 = Release|x64
		{30811B34-BDCC-42B1-B997-E334AB020508}.Release|x86.ActiveCfg = Release|Win32
		{30811B34-BDCC-42B1-B997-E334AB020508}.Release|x86.Build.0 = Release|Win32
		{C3BB395D-1C00-4CA2-BF15-F9A0B7D6C45B}.Debug|x64.ActiveCfg = Debug|x64
		{C3BB395D-1C00-4CA2-BF15-F9A0B7D6C45B}.Debug|x64.Build.0 = Debug|x64
		{C3BB395D-1C00-4CA2-BF15-F9A0B7D6C45B}.Debug|x86.ActiveCfg = Debug|Win32
		{C3BB395D-1C00-4CA2-BF15-F9A0B7D6C45B}.Debug|x86.Build.0 = Debug|Win32
		{C3BB395D-1C00-4CA2-BF15-F9A0B7D6C45B}.Release|x64.ActiveCfg = Release|x64
		{C3BB395D-1C00-4CA2-BF15-F9A0B7D6C45B}.Release|x64.Build.0 = Release|x64
		{C3BB395D-1C00-4CA2-BF15-F9A0B7D6C45B}.Release|x86.ActiveCfg = Release|Win32
		{C3BB395D-1C00-4CA2-BF15-F9A0B7D6C45B}.Release|x86.Build.0 = Release|Win32
		{82FEDAD7-EA18-4790-BE8B-3CDC08C38425}.Debug|x64.ActiveCfg = Debug|x64
		{82FEDAD7-EA18-4790-BE8B-3CDC08C38425}.Debug|x64.Build.0 = Debug|x64
		{82FEDAD7-EA18-4790-BE8B-3CDC08C38425}.Debug|x86.ActiveCfg = Debug|Win32
		{82FEDAD7-EA18-4790-BE8B-3CDC08C38425}.Debug|x86.Build.0 = Debug|Win32
		{82FEDAD7-EA18-4790-BE8B-3CDC08C38425}.Release|x64.ActiveCfg = Release|x64
		{82FEDAD7-EA18-4790-BE8B-3CDC08C38425}.Release|x64.Build.0 = Release|x64
		{82FEDAD7-EA18-4790-BE8B-3CDC08C38425}.Release|x86.ActiveCfg = Release|Win32
		{82FEDAD7-EA18-4790-BE8B-3CDC08C38425}.Release|x86.Build.0 = Release|Win32
		{6ADC6146-B9F1-4B19-821F-E761F9FC675C}.Debug|x64.ActiveCfg = Debug|x64
		{6ADC6146-B9F1-4B19-821F-E761F9FC675C}.Debug|x64.Build.0 = Debug|x64
		{6ADC6146-B9F1-4B19-821F-E761F9FC675C}.Debug|x86.ActiveCfg = Debug|Win32
		{6ADC6146-B9F1-4B19-821F-E761F9FC675C}.Debug|x86.Build.0 = Debug|Win32
		{6ADC6146-B9F1-4B19-821F-E761F9FC675C}.Release|x64.ActiveCfg = Release|x64
		{6ADC6146-B9F1-4B19-821F-E761F9FC675C}.Release|x64.Build.0 = Release|x64
		{6ADC6146-B9F1-4B19-821F-E761F9FC675C}.Release|x86.ActiveCfg = Release|Win32
		{6ADC6146-B9F1-4B19-821F-E761F9FC675C}.Release|x86.Build.0 = Release|Win32
	EndGlobalSection
	GlobalSection(SolutionProperties) = preSolution
		HideSolutionNode = FALSE
	EndGlobalSection
EndGlobal
